
Microsoft Visual Studio Solution File, Format Version 12.00
# Visual Studio 15
VisualStudioVersion = 15.0.28307.902
MinimumVisualStudioVersion = 10.0.40219.1
Project("{FAE04EC0-301F-11D3-BF4B-00C04F79EFBC}") = "DemoSE2API", "DemoSE2API\DemoSE2API.csproj", "{4F2ADDBF-47C4-4966-8043-38229DBCC12D}"
EndProject
Global
	GlobalSection(SolutionConfigurationPlatforms) = preSolution
		Debug|Any CPU = Debug|Any CPU
		Release|Any CPU = Release|Any CPU
	EndGlobalSection
	GlobalSection(ProjectConfigurationPlatforms) = postSolution
		{4F2ADDBF-47C4-4966-8043-38229DBCC12D}.Debug|Any CPU.ActiveCfg = Debug|Any CPU
		{4F2ADDBF-47C4-4966-8043-38229DBCC12D}.Debug|Any CPU.Build.0 = Debug|Any CPU
		{4F2ADDBF-47C4-4966-8043-38229DBCC12D}.Release|Any CPU.ActiveCfg = Release|Any CPU
		{4F2ADDBF-47C4-4966-8043-38229DBCC12D}.Release|Any CPU.Build.0 = Release|Any CPU
	EndGlobalSection
	GlobalSection(SolutionProperties) = preSolution
		HideSolutionNode = FALSE
	EndGlobalSection
	GlobalSection(ExtensibilityGlobals) = postSolution
		SolutionGuid = {0DADA0D5-792E-4B9F-93F7-49D38BFC5519}
	EndGlobalSection
EndGlobal
